version = 1
backend = "tofu"
generated_at = "unix:0"

[[resources]]
name = "tailscale-gateway"
kind = "lxc"
vmid = 101
backend_address = "module.tailscale_gateway.proxmox_virtual_environment_container.this"
digest = "sha256:ccadb5b73b3c688b332b0ed07f2a83e4264e602c51344cbf75982df5286859f9"
exists = true

[[resources]]
name = "media-stack"
kind = "vm"
vmid = 210
backend_address = "module.media_stack.proxmox_virtual_environment_vm.this"
digest = "sha256:b8d35df6ebedb0f869c7166bc53796482156f24dd1578c063ce833de2940f5fb"
exists = true

[[resources]]
name = "kodi-htpc"
kind = "vm"
vmid = 211
backend_address = "module.kodi_htpc.proxmox_virtual_environment_vm.this"
digest = "sha256:9091e9a4d48e676c3b4a03c56589792ef88b5f65de5d8a1ca08b67c2421435ec"
exists = true

[[artifacts]]
path = ".terraform/modules/modules.json"
digest = "sha256:14b65e6b7856d2880d4e8d4207699382072a60db94eeb5e5b631cfb797696712"

[[artifacts]]
path = ".terraform/providers/registry.opentofu.org/bpg/proxmox/0.98.0/linux_amd64/CHANGELOG.md"
digest = "sha256:8c13c1e5ce756e0a189d57c5ba243e1ef414edce7e785ec7cd7f1dd5c869da68"

[[artifacts]]
path = ".terraform/providers/registry.opentofu.org/bpg/proxmox/0.98.0/linux_amd64/LICENSE"
digest = "sha256:1f256ecad192880510e84ad60474eab7589218784b9a50bc7ceee34c2b91f1d5"

[[artifacts]]
path = ".terraform/providers/registry.opentofu.org/bpg/proxmox/0.98.0/linux_amd64/README.md"
digest = "sha256:7f9aa88ddad42eddf8e9f20b6f85a4d8050599ec61b24bc9b6537f6da5ce3e2b"

[[artifacts]]
path = ".terraform/providers/registry.opentofu.org/bpg/proxmox/0.98.0/linux_amd64/terraform-provider-proxmox_v0.98.0"
digest = "sha256:a5a76501f8325068c972bff3e80cf877556292834e92324297e8d30fb4ab444f"

[[artifacts]]
path = ".terraform/providers/registry.opentofu.org/bpg/proxmox/0.98.0/linux_amd64.lock"
digest = "sha256:e3b0c44298fc1c149afbf4c8996fb92427ae41e4649b934ca495991b7852b855"

[[artifacts]]
path = ".terraform.lock.hcl"
digest = "sha256:1936aefac902f77b492259cbf9649c367de2fa7c0e743ca47614e9acbefabea3"

[[artifacts]]
path = "desired-state.json"
digest = "sha256:141155246227fde0efd0904298488500bc07e928d1ecff3eef90e8c61ba6ad30"

[[artifacts]]
path = "main.tf.json"
digest = "sha256:3b70b98cb29aa036f80fd12431e9a881366dd94ea2d7303fc4c9616b5a8867f9"

[[artifacts]]
path = "modules/lxc/main.tf.json"
digest = "sha256:21264962dac5f34587321ba1f91485e88ae695a2389dd6d6511da48b00c95d51"

[[artifacts]]
path = "modules/lxc/outputs.tf.json"
digest = "sha256:a8b4e971e9976340db30491799641e9a4b25177a27171fb9cdfe1f2b6295d2e4"

[[artifacts]]
path = "modules/lxc/variables.tf.json"
digest = "sha256:3bf2e8f61ed0a14865dd622bb89eac819556f929e386ae113312803d27211736"

[[artifacts]]
path = "modules/vm/main.tf.json"
digest = "sha256:a30561166305f742b1809d042e0a92e922050a1b75f7065bddcc22898124dc53"

[[artifacts]]
path = "modules/vm/outputs.tf.json"
digest = "sha256:ce471fdc203476f7795966c853c81c56db6369f29294c63b142c9609e5bae3f9"

[[artifacts]]
path = "modules/vm/variables.tf.json"
digest = "sha256:868ea0c53f2a254b4159e821401828df8fbccd07d11ca2ecd869b9bebd925818"

[[artifacts]]
path = "outputs.tf.json"
digest = "sha256:73070ede9ee5430938a2d24e6f23497ec5bb9f67bf8951c45ab849e54247aa9e"

[[artifacts]]
path = "provider.tf.json"
digest = "sha256:25a648e2113f1c363bf2c68671f1a2dd0623034bf374400836c7c6b9f620f597"

[[artifacts]]
path = "resources/kodi-htpc/kodi.env"
digest = "sha256:3565cce9d0a30443506cb198578ffb5b0abcef64adcc9e82ff19ae8ee9ae356a"

[[artifacts]]
path = "resources/kodi-htpc/scripts/bootstrap-kodi-jellyfin.sh"
digest = "sha256:a21d5542f637fcd13eb4925089a8eec53e9890940bad2035116202f0ce9ad44a"

[[artifacts]]
path = "resources/kodi-htpc/scripts/bootstrap-kodi.sh"
digest = "sha256:aa5ba95cff8f955e13d423fdb2dc35bf9d351b01323d8c8efe49b2f2873278e4"

[[artifacts]]
path = "resources/kodi-htpc/scripts/bootstrap-node.sh"
digest = "sha256:3a9d819e73a8ad03772b7d1af06a06020f28b71eff70c1df2a1bb7788cec2164"

[[artifacts]]
path = "resources/kodi-htpc/scripts/bootstrap-tailscale.sh"
digest = "sha256:042b1f3ed088144ea9c61dde4dad6fdf1b66c14ddb0be737602a5c8a048f56b7"

[[artifacts]]
path = "resources/kodi-htpc/tailscale-setup.sh"
digest = "sha256:6aa802c64bd08065b05755eb40fd15993cce4a95759d27e3a64d6c909c839cb1"

[[artifacts]]
path = "resources/media-stack/caddyfile.media"
digest = "sha256:e17242a2e1ec390cf5faa0b15d1addacd15873443714cd23f7a4bd4a2d6ce3c0"

[[artifacts]]
path = "resources/media-stack/docker-compose.media"
digest = "sha256:9b44f928cb29eb5cca21bb6e761b85673e34342913a490ee0310856b0f957a0e"

[[artifacts]]
path = "resources/media-stack/media-index.html"
digest = "sha256:d28397a998afa122f6bb93d3e685a39b3feea41100b42187978440526555e143"

[[artifacts]]
path = "resources/media-stack/media.env"
digest = "sha256:1d75be86cea8c4e4c5d80ab6b903eaeee0d41b260523fe98e6c45b1bcf3393b8"

[[artifacts]]
path = "resources/media-stack/scripts/bootstrap-arr.sh"
digest = "sha256:3c7dc03f798c656caeeb82a5ecc3217497e2fdfeb55bbf4ef6f79f8cb5f2480b"

[[artifacts]]
path = "resources/media-stack/scripts/bootstrap-download-unpack.sh"
digest = "sha256:bc042b6e7f1002a9c25b5aa40c0731d23f54a1bc84172e1a470daab4c59b7de6"

[[artifacts]]
path = "resources/media-stack/scripts/bootstrap-jellio.sh"
digest = "sha256:41e9b9de1608ae335de3d573f7d85212757799d3e1cac1750dce31255b8933c4"

[[artifacts]]
path = "resources/media-stack/scripts/bootstrap-jellyfin-plugins.sh"
digest = "sha256:3e50cdf706d9c8e7f4dde13ee4a390acdb80c13f4f6c811fce95c91e18029b59"

[[artifacts]]
path = "resources/media-stack/scripts/bootstrap-jellyfin.sh"
digest = "sha256:eb8498279fdf91b1c79b7f7a4816c24fceabdf56eececc57d26c15720c4f9fb2"

[[artifacts]]
path = "resources/media-stack/scripts/bootstrap-jellysearch.sh"
digest = "sha256:a615c8a3b88155788b60a90947231387bebfce1c31a7fad4083f09e96267d86f"

[[artifacts]]
path = "resources/media-stack/scripts/bootstrap-jellyseerr.sh"
digest = "sha256:cd4b359c3daa9f752935057700fc4d303d5597140ea966bf16e11a6254595392"

[[artifacts]]
path = "resources/media-stack/scripts/bootstrap-jellystat.sh"
digest = "sha256:8f133393eef13eff0d48b848c4a842f199333273d04abf33e08978b09269b595"

[[artifacts]]
path = "resources/media-stack/scripts/bootstrap-media.sh"
digest = "sha256:99e92a9ef7656dde61f09988d9118c49ea944946d2418053cdd4cd6c1eb609de"

[[artifacts]]
path = "resources/media-stack/scripts/bootstrap-node.sh"
digest = "sha256:3a9d819e73a8ad03772b7d1af06a06020f28b71eff70c1df2a1bb7788cec2164"

[[artifacts]]
path = "resources/media-stack/scripts/bootstrap-qbittorrent.sh"
digest = "sha256:89cd509f001a65a7978f5915c35933b7d4240cbf5d9cd5b34ebff6c05c0609ba"

[[artifacts]]
path = "resources/media-stack/scripts/bootstrap-streamyfin.sh"
digest = "sha256:1189231d3bc1a0bc42126b660900207a5ea6a8485e87e2d8514cf5bc235d2da3"

[[artifacts]]
path = "resources/media-stack/scripts/bootstrap-tailscale.sh"
digest = "sha256:042b1f3ed088144ea9c61dde4dad6fdf1b66c14ddb0be737602a5c8a048f56b7"

[[artifacts]]
path = "resources/media-stack/scripts/bootstrap-ui-routing.sh"
digest = "sha256:a2db12b046c94d11b2347e0ff4f736ee2521a984f6c154f7ef0cafacb172f433"

[[artifacts]]
path = "resources/media-stack/scripts/bootstrap-validate-streaming-stack.sh"
digest = "sha256:c9d2e1aa36d726910e96a97a65dd9ea766c731e2f08f06645eb88e789db67260"

[[artifacts]]
path = "resources/media-stack/tailscale-setup.sh"
digest = "sha256:f3b8ff601764faefd3d27c77e8833ad224f5c0c4be4fe5a599ef382565b9b1a9"

[[artifacts]]
path = "resources/tailscale-gateway/scripts/bootstrap-node.sh"
digest = "sha256:3a9d819e73a8ad03772b7d1af06a06020f28b71eff70c1df2a1bb7788cec2164"

[[artifacts]]
path = "resources/tailscale-gateway/scripts/bootstrap-tailscale.sh"
digest = "sha256:042b1f3ed088144ea9c61dde4dad6fdf1b66c14ddb0be737602a5c8a048f56b7"

[[artifacts]]
path = "resources/tailscale-gateway/tailscale-setup.sh"
digest = "sha256:4188c24c4b5763aaf0f9391824dfeebad16f90b6492ffe01b0264783ce62744b"

[[artifacts]]
path = "terraform.tfstate"
digest = "sha256:6321928a54156c39f7e20168d8ca83cf6befa2a61d7f8b5b2233fbae80a0d6b7"

[[artifacts]]
path = "terraform.tfstate.1776751520.backup"
digest = "sha256:e671ed0896848f962f4011997fb8470a86dff0c9f69d9dc6f562e8b4fb3153fd"

[[artifacts]]
path = "terraform.tfstate.backup"
digest = "sha256:d38ed84d3b1b8d1352bb9c97cf825ccd297f6ed1698f329b23a03b9381791b72"

[[artifacts]]
path = "terraform.tfvars.json"
digest = "sha256:369a8ca968b4353eb05d2a040ce45a1c05588fe5ec7d48ddd96385fa65a9195b"

[[artifacts]]
path = "variables.tf.json"
digest = "sha256:e0f0ac6c6133a36a7f9da541e1de6b0c2b137a51e1c5872bc80ea9b151571af8"
