version = 1
backend = "tofu"
generated_at = "unix:0"

[[resources]]
name = "tailscale-gateway"
kind = "lxc"
vmid = 101
backend_address = "module.tailscale_gateway.proxmox_virtual_environment_container.this"
digest = "sha256:eac9b902fd9addba762b4e65469979b63e0eb1678ce2a707d28fc5b0fdebfe2b"
exists = true

[[resources]]
name = "media-stack"
kind = "vm"
vmid = 210
backend_address = "module.media_stack.proxmox_virtual_environment_vm.this"
digest = "sha256:aeea1265d0ebbd44f2a757f890422bd18e97cd857a63de740ed1c4ba7e196e8a"
exists = true

[[artifacts]]
path = ".terraform/modules/modules.json"
digest = "sha256:14b65e6b7856d2880d4e8d4207699382072a60db94eeb5e5b631cfb797696712"

[[artifacts]]
path = ".terraform/providers/registry.opentofu.org/bpg/proxmox/0.98.0/linux_amd64/CHANGELOG.md"
digest = "sha256:8c13c1e5ce756e0a189d57c5ba243e1ef414edce7e785ec7cd7f1dd5c869da68"

[[artifacts]]
path = ".terraform/providers/registry.opentofu.org/bpg/proxmox/0.98.0/linux_amd64/LICENSE"
digest = "sha256:1f256ecad192880510e84ad60474eab7589218784b9a50bc7ceee34c2b91f1d5"

[[artifacts]]
path = ".terraform/providers/registry.opentofu.org/bpg/proxmox/0.98.0/linux_amd64/README.md"
digest = "sha256:7f9aa88ddad42eddf8e9f20b6f85a4d8050599ec61b24bc9b6537f6da5ce3e2b"

[[artifacts]]
path = ".terraform/providers/registry.opentofu.org/bpg/proxmox/0.98.0/linux_amd64/terraform-provider-proxmox_v0.98.0"
digest = "sha256:a5a76501f8325068c972bff3e80cf877556292834e92324297e8d30fb4ab444f"

[[artifacts]]
path = ".terraform/providers/registry.opentofu.org/bpg/proxmox/0.98.0/linux_amd64.lock"
digest = "sha256:e3b0c44298fc1c149afbf4c8996fb92427ae41e4649b934ca495991b7852b855"

[[artifacts]]
path = ".terraform.lock.hcl"
digest = "sha256:1936aefac902f77b492259cbf9649c367de2fa7c0e743ca47614e9acbefabea3"

[[artifacts]]
path = "desired-state.json"
digest = "sha256:f60dbb3e0504c73a3dff609648f9fa8083a5ecfe4336a87d40767b463740a35f"

[[artifacts]]
path = "main.tf.json"
digest = "sha256:7e5cdd91824fd55d928c6a4486435de76bff52c1935796e0a500d84523203724"

[[artifacts]]
path = "modules/lxc/main.tf.json"
digest = "sha256:21264962dac5f34587321ba1f91485e88ae695a2389dd6d6511da48b00c95d51"

[[artifacts]]
path = "modules/lxc/outputs.tf.json"
digest = "sha256:a8b4e971e9976340db30491799641e9a4b25177a27171fb9cdfe1f2b6295d2e4"

[[artifacts]]
path = "modules/lxc/variables.tf.json"
digest = "sha256:3bf2e8f61ed0a14865dd622bb89eac819556f929e386ae113312803d27211736"

[[artifacts]]
path = "modules/vm/main.tf.json"
digest = "sha256:b99bf3cb9169da6f239bf14545396aaa6645b26c9e77b7d8e25426644beb7805"

[[artifacts]]
path = "modules/vm/outputs.tf.json"
digest = "sha256:ce471fdc203476f7795966c853c81c56db6369f29294c63b142c9609e5bae3f9"

[[artifacts]]
path = "modules/vm/variables.tf.json"
digest = "sha256:868ea0c53f2a254b4159e821401828df8fbccd07d11ca2ecd869b9bebd925818"

[[artifacts]]
path = "outputs.tf.json"
digest = "sha256:73070ede9ee5430938a2d24e6f23497ec5bb9f67bf8951c45ab849e54247aa9e"

[[artifacts]]
path = "provider.tf.json"
digest = "sha256:25a648e2113f1c363bf2c68671f1a2dd0623034bf374400836c7c6b9f620f597"

[[artifacts]]
path = "resources/media-stack/caddyfile.media"
digest = "sha256:9b75c86843db7930f71f5e468a84549ddce19d6e1b0d34d0605e094bb882988d"

[[artifacts]]
path = "resources/media-stack/docker-compose.media"
digest = "sha256:baf0661269e9d2ccfd448c5859569cae130e601b42f97573d16393325bc8d68d"

[[artifacts]]
path = "resources/media-stack/jellio-shim.py"
digest = "sha256:1016e059723a0a50f1dc58b3b2896e05dc2062b649e5230fc1590786d4e5c06e"

[[artifacts]]
path = "resources/media-stack/media-index.html"
digest = "sha256:76e1f4bcbe34993cdf574fb94fde1777cb7fc665739132cf06a2ccbd116959a4"

[[artifacts]]
path = "resources/media-stack/media.env"
digest = "sha256:517fb97dac71ced5c611471cb74c76688525c38863da019265a10cc689255c24"

[[artifacts]]
path = "resources/media-stack/scripts/bootstrap-arr.sh"
digest = "sha256:838f04fd6a6f14d62f98f46b64ae577366a481ebb19c7b4befaab70b7b3998c9"

[[artifacts]]
path = "resources/media-stack/scripts/bootstrap-autobrr.sh"
digest = "sha256:ab501b9f08ab20cbbda404b5e8ba0893412697af4b87c64b246c1c5093c0afc2"

[[artifacts]]
path = "resources/media-stack/scripts/bootstrap-download-unpack.sh"
digest = "sha256:847495b23e0ce9a5106b15380a6e5d32d16bae594c07aee43df878c0ff946763"

[[artifacts]]
path = "resources/media-stack/scripts/bootstrap-flaresolverr.sh"
digest = "sha256:6a0bd0a2926069794dd4e5f916d08436c5f41bd7bab28639a575022c59c75f20"

[[artifacts]]
path = "resources/media-stack/scripts/bootstrap-jellio.sh"
digest = "sha256:b10c1a2af4c8cd7f67b1dedeb1df6344ec7d8b24eadf07fd05032ebe954c9af7"

[[artifacts]]
path = "resources/media-stack/scripts/bootstrap-jellyfin-plugins.sh"
digest = "sha256:eaa56a29ee94c243b5564a172beb9afd6ba1c1a437d6d2f4df2ff7baca518ee3"

[[artifacts]]
path = "resources/media-stack/scripts/bootstrap-jellyfin.sh"
digest = "sha256:2bea67020cae1a854f7fc97a28b21694c213c429406391142dfc42f7b638d355"

[[artifacts]]
path = "resources/media-stack/scripts/bootstrap-jellysearch.sh"
digest = "sha256:278454065aecb34e1ba2130e7edf34db151ddb629cc37d264f7aa14fb703a4e5"

[[artifacts]]
path = "resources/media-stack/scripts/bootstrap-jellystat.sh"
digest = "sha256:ec99d40387633f3e27caed36dc3ae4ee0d75e29f6199f0cc3a82e022fb3e8cab"

[[artifacts]]
path = "resources/media-stack/scripts/bootstrap-media.sh"
digest = "sha256:5b42122cbbeedd5c71f868d3face3252e5b290a03efacdcc14fa9b0d5de0a2c7"

[[artifacts]]
path = "resources/media-stack/scripts/bootstrap-node.sh"
digest = "sha256:a7ea87e87ba95ec45be94f166b19e7027a64914c36306bada70559f2264c0f44"

[[artifacts]]
path = "resources/media-stack/scripts/bootstrap-qbittorrent.sh"
digest = "sha256:d895c0a21afb25499ca11d3b5331967abe680b501f1a639ed3500f77096caf9e"

[[artifacts]]
path = "resources/media-stack/scripts/bootstrap-recyclarr.sh"
digest = "sha256:4a025d4fdfd06620201a1b4d70065ba4ea6558db1579436f5d94f6aed361d44b"

[[artifacts]]
path = "resources/media-stack/scripts/bootstrap-sabnzbd.sh"
digest = "sha256:ccc0fc69122906db146c07aebab387911bafcb77d80b01a01a7aa0e0f6ad20ac"

[[artifacts]]
path = "resources/media-stack/scripts/bootstrap-seerr.sh"
digest = "sha256:3685cd6a88e457f40d2f2b69b75ed47fa5c4254ccca4c5a1738c2eea930ba7b1"

[[artifacts]]
path = "resources/media-stack/scripts/bootstrap-streamyfin.sh"
digest = "sha256:8a4ca49922420d805f08584bf09eea80565f66c1c59bc4bae5e8cf1e096f10d7"

[[artifacts]]
path = "resources/media-stack/scripts/bootstrap-tailscale.sh"
digest = "sha256:042b1f3ed088144ea9c61dde4dad6fdf1b66c14ddb0be737602a5c8a048f56b7"

[[artifacts]]
path = "resources/media-stack/scripts/bootstrap-ui-routing.sh"
digest = "sha256:e1a2f6322ceb9d59c124ab621af248e5d53a5530cfd261448abcaea124c94b24"

[[artifacts]]
path = "resources/media-stack/scripts/bootstrap-validate-streaming-stack.sh"
digest = "sha256:0712879662f9bb74eef294b84db15b60b0957a205bdc2e558d18f5006cef66df"

[[artifacts]]
path = "resources/media-stack/tailscale-setup.sh"
digest = "sha256:f3b8ff601764faefd3d27c77e8833ad224f5c0c4be4fe5a599ef382565b9b1a9"

[[artifacts]]
path = "resources/tailscale-gateway/scripts/bootstrap-node.sh"
digest = "sha256:a7ea87e87ba95ec45be94f166b19e7027a64914c36306bada70559f2264c0f44"

[[artifacts]]
path = "resources/tailscale-gateway/scripts/bootstrap-tailscale.sh"
digest = "sha256:042b1f3ed088144ea9c61dde4dad6fdf1b66c14ddb0be737602a5c8a048f56b7"

[[artifacts]]
path = "resources/tailscale-gateway/tailscale-setup.sh"
digest = "sha256:4188c24c4b5763aaf0f9391824dfeebad16f90b6492ffe01b0264783ce62744b"

[[artifacts]]
path = "terraform.tfstate"
digest = "sha256:87f38700cb290f7548a3331ba66fce36e05e443e5ae45cede6c4a5fc6d40c133"

[[artifacts]]
path = "terraform.tfstate.1776751520.backup"
digest = "sha256:e671ed0896848f962f4011997fb8470a86dff0c9f69d9dc6f562e8b4fb3153fd"

[[artifacts]]
path = "terraform.tfstate.backup"
digest = "sha256:5318751ec91c64642edc2b0c3c4c3b989847656d3484a1cf5b95049f0bc50c1e"

[[artifacts]]
path = "terraform.tfvars.json"
digest = "sha256:def4af156b9955b9c366b40796f44dda3d0030bbc8f3514eb93102d882975317"

[[artifacts]]
path = "variables.tf.json"
digest = "sha256:e0f0ac6c6133a36a7f9da541e1de6b0c2b137a51e1c5872bc80ea9b151571af8"
