version = 2
backend = "tofu"
generated_at = "unix:0"

[[resources]]
name = "gitea"
kind = "lxc"
vmid = 212
backend_address = "module.gitea.proxmox_virtual_environment_container.this"
digest = "sha256:5901a76c5f68ca8e8d47848749ee6394a7b19cb9559aee36eb1851139a1fcc7c"
exists = true

[[resources]]
name = "gitea-runner"
kind = "lxc"
vmid = 213
backend_address = "module.gitea_runner.proxmox_virtual_environment_container.this"
digest = "sha256:2ccd5a74bef603d77ef559076be7b28bbbbabcca2cf41e1e2c7b35fc30605700"
exists = true

[[resources]]
name = "media-stack"
kind = "vm"
vmid = 210
backend_address = "module.media_stack.proxmox_virtual_environment_vm.this"
digest = "sha256:9f62b76e0c327b0fe2760a7f07b4b71d175c480b4c64012d01891069ed58a95d"
exists = true

[[resources]]
name = "tailscale-gateway"
kind = "lxc"
vmid = 101
backend_address = "module.tailscale_gateway.proxmox_virtual_environment_container.this"
digest = "sha256:ca928549560df5e6231e7bdf4a9d8370c84a8e6b1674bada0b6b7c8edc2eb51b"
exists = true

[[artifacts]]
path = ".terraform/modules/modules.json"
digest = "sha256:f0086ad1beb16e2262d025c8d84e7613e33f9a31a982258828116995694bc6aa"

[[artifacts]]
path = ".terraform/providers/registry.opentofu.org/bpg/proxmox/0.98.0/linux_amd64/CHANGELOG.md"
digest = "sha256:8c13c1e5ce756e0a189d57c5ba243e1ef414edce7e785ec7cd7f1dd5c869da68"

[[artifacts]]
path = ".terraform/providers/registry.opentofu.org/bpg/proxmox/0.98.0/linux_amd64/LICENSE"
digest = "sha256:1f256ecad192880510e84ad60474eab7589218784b9a50bc7ceee34c2b91f1d5"

[[artifacts]]
path = ".terraform/providers/registry.opentofu.org/bpg/proxmox/0.98.0/linux_amd64/README.md"
digest = "sha256:7f9aa88ddad42eddf8e9f20b6f85a4d8050599ec61b24bc9b6537f6da5ce3e2b"

[[artifacts]]
path = ".terraform/providers/registry.opentofu.org/bpg/proxmox/0.98.0/linux_amd64/terraform-provider-proxmox_v0.98.0"
digest = "sha256:a5a76501f8325068c972bff3e80cf877556292834e92324297e8d30fb4ab444f"

[[artifacts]]
path = ".terraform/providers/registry.opentofu.org/bpg/proxmox/0.98.0/linux_amd64.lock"
digest = "sha256:e3b0c44298fc1c149afbf4c8996fb92427ae41e4649b934ca495991b7852b855"

[[artifacts]]
path = ".terraform.lock.hcl"
digest = "sha256:1936aefac902f77b492259cbf9649c367de2fa7c0e743ca47614e9acbefabea3"

[[artifacts]]
path = "desired-state.json"
digest = "sha256:76e8f8afb16fce53abf53ded3e8ae26d85a3b274e583e48ef9489ff4d8fd9063"

[[artifacts]]
path = "main.tf.json"
digest = "sha256:18612e0a134ea049aaca076a141e24c6ed6818123758d4f9ad32ccce928dd4d6"

[[artifacts]]
path = "modules/lxc/main.tf.json"
digest = "sha256:21264962dac5f34587321ba1f91485e88ae695a2389dd6d6511da48b00c95d51"

[[artifacts]]
path = "modules/lxc/outputs.tf.json"
digest = "sha256:a8b4e971e9976340db30491799641e9a4b25177a27171fb9cdfe1f2b6295d2e4"

[[artifacts]]
path = "modules/lxc/variables.tf.json"
digest = "sha256:3bf2e8f61ed0a14865dd622bb89eac819556f929e386ae113312803d27211736"

[[artifacts]]
path = "modules/vm/main.tf.json"
digest = "sha256:b99bf3cb9169da6f239bf14545396aaa6645b26c9e77b7d8e25426644beb7805"

[[artifacts]]
path = "modules/vm/outputs.tf.json"
digest = "sha256:ce471fdc203476f7795966c853c81c56db6369f29294c63b142c9609e5bae3f9"

[[artifacts]]
path = "modules/vm/variables.tf.json"
digest = "sha256:868ea0c53f2a254b4159e821401828df8fbccd07d11ca2ecd869b9bebd925818"

[[artifacts]]
path = "outputs.tf.json"
digest = "sha256:73070ede9ee5430938a2d24e6f23497ec5bb9f67bf8951c45ab849e54247aa9e"

[[artifacts]]
path = "provider.tf.json"
digest = "sha256:25a648e2113f1c363bf2c68671f1a2dd0623034bf374400836c7c6b9f620f597"

[[artifacts]]
path = "resources/gitea/gitea.env"
digest = "sha256:0d9044400a49aee6e860e3354ea805c065ea7ae0251d4f18d5768c18e26ecc07"

[[artifacts]]
path = "resources/gitea/scripts/bootstrap-gitea.sh"
digest = "sha256:4576a378df17657b2a4cef45bb6474fa61876550800f9d84ad2a4ed587401816"

[[artifacts]]
path = "resources/gitea/scripts/bootstrap-node.sh"
digest = "sha256:a7ea87e87ba95ec45be94f166b19e7027a64914c36306bada70559f2264c0f44"

[[artifacts]]
path = "resources/gitea/scripts/bootstrap-tailscale.sh"
digest = "sha256:042b1f3ed088144ea9c61dde4dad6fdf1b66c14ddb0be737602a5c8a048f56b7"

[[artifacts]]
path = "resources/gitea/scripts/gitea-common.sh"
digest = "sha256:4ccce779732783d6e2bee407aa74bcd5b2cbe3a92eeb8e136eefe25de0acd0f8"

[[artifacts]]
path = "resources/gitea/scripts/validate-gitea.sh"
digest = "sha256:888b6f7d34279a6269101a3882c8c692f69509d826235e8abf1d35e4d59d3bc5"

[[artifacts]]
path = "resources/gitea/tailscale-setup.sh"
digest = "sha256:b3aa85f64d722c259e63161f1bbd512cd8269f5bb672f6bf29db7f9f6138a769"

[[artifacts]]
path = "resources/gitea-runner/gitea-runner.env"
digest = "sha256:7de849fde6422f13238e7fc13a1a08dd1f491c309b8d9f0bd014807a359af53b"

[[artifacts]]
path = "resources/gitea-runner/scripts/bootstrap-gitea-runner.sh"
digest = "sha256:40e3f7bc36173c99d59f64edbf98810c7135006ecb41c287487583fa849d450b"

[[artifacts]]
path = "resources/gitea-runner/scripts/bootstrap-node.sh"
digest = "sha256:a7ea87e87ba95ec45be94f166b19e7027a64914c36306bada70559f2264c0f44"

[[artifacts]]
path = "resources/gitea-runner/scripts/bootstrap-tailscale.sh"
digest = "sha256:042b1f3ed088144ea9c61dde4dad6fdf1b66c14ddb0be737602a5c8a048f56b7"

[[artifacts]]
path = "resources/gitea-runner/scripts/validate-gitea-runner.sh"
digest = "sha256:4fa77ccb627b1decd6b6701ac26a6b673aa8e9c07d55ba76ee897668c0f222d4"

[[artifacts]]
path = "resources/gitea-runner/tailscale-setup.sh"
digest = "sha256:51faee5d2f64ee2189273b1da712eece450b4c3feddedbd4dddb891770a94387"

[[artifacts]]
path = "resources/media-stack/caddyfile.media"
digest = "sha256:0b1548530261991f813c941a306ad5295b2348ba5fb3bb05326eef2c498a5e51"

[[artifacts]]
path = "resources/media-stack/docker-compose.media"
digest = "sha256:baf0661269e9d2ccfd448c5859569cae130e601b42f97573d16393325bc8d68d"

[[artifacts]]
path = "resources/media-stack/hooks/autobrr/scripts/bootstrap-autobrr.sh"
digest = "sha256:ab501b9f08ab20cbbda404b5e8ba0893412697af4b87c64b246c1c5093c0afc2"

[[artifacts]]
path = "resources/media-stack/hooks/caddy/scripts/bootstrap-ui-routing.sh"
digest = "sha256:e1a2f6322ceb9d59c124ab621af248e5d53a5530cfd261448abcaea124c94b24"

[[artifacts]]
path = "resources/media-stack/hooks/flaresolverr/scripts/bootstrap-flaresolverr.sh"
digest = "sha256:6a0bd0a2926069794dd4e5f916d08436c5f41bd7bab28639a575022c59c75f20"

[[artifacts]]
path = "resources/media-stack/hooks/jellio-shim/scripts/bootstrap-jellio.sh"
digest = "sha256:cd1c0c8417bc3087e795aff09203b3337c00f69e1cbecb90dcf659cdba5e17b6"

[[artifacts]]
path = "resources/media-stack/hooks/jellyfin/scripts/bootstrap-jellyfin-plugins.sh"
digest = "sha256:eaa56a29ee94c243b5564a172beb9afd6ba1c1a437d6d2f4df2ff7baca518ee3"

[[artifacts]]
path = "resources/media-stack/hooks/jellyfin/scripts/bootstrap-jellyfin.sh"
digest = "sha256:2e75945f96eb37a2b288244477d77a0673f861190f33ec3ae43c047204286279"

[[artifacts]]
path = "resources/media-stack/hooks/jellyfin/scripts/bootstrap-streamyfin.sh"
digest = "sha256:4f2323c2ae851185d18be8aac0dc7abd33e005795123e9200a1333ea33f14972"

[[artifacts]]
path = "resources/media-stack/hooks/jellyfin/scripts/bootstrap-validate-streaming-stack.sh"
digest = "sha256:6bc87b5c67af2f79d499797d9b16ac4472df98256019981dcb3428f8a04ac9f0"

[[artifacts]]
path = "resources/media-stack/hooks/jellysearch/scripts/bootstrap-jellysearch.sh"
digest = "sha256:278454065aecb34e1ba2130e7edf34db151ddb629cc37d264f7aa14fb703a4e5"

[[artifacts]]
path = "resources/media-stack/hooks/jellystat/scripts/bootstrap-jellystat.sh"
digest = "sha256:80d62cc018082fd66e527ef78ed96523013ee00b05aa2039276dd3abcfa1a885"

[[artifacts]]
path = "resources/media-stack/hooks/qbittorrent-vpn/scripts/bootstrap-qbittorrent.sh"
digest = "sha256:d895c0a21afb25499ca11d3b5331967abe680b501f1a639ed3500f77096caf9e"

[[artifacts]]
path = "resources/media-stack/hooks/recyclarr/scripts/bootstrap-recyclarr.sh"
digest = "sha256:4a025d4fdfd06620201a1b4d70065ba4ea6558db1579436f5d94f6aed361d44b"

[[artifacts]]
path = "resources/media-stack/hooks/sabnzbd/scripts/bootstrap-sabnzbd.sh"
digest = "sha256:ccc0fc69122906db146c07aebab387911bafcb77d80b01a01a7aa0e0f6ad20ac"

[[artifacts]]
path = "resources/media-stack/hooks/seerr/scripts/bootstrap-seerr.sh"
digest = "sha256:3bc53e72ea85effb730956b269299c06df5b9e968bd3d89c5680eb02f2385aae"

[[artifacts]]
path = "resources/media-stack/jellio-shim.py"
digest = "sha256:1016e059723a0a50f1dc58b3b2896e05dc2062b649e5230fc1590786d4e5c06e"

[[artifacts]]
path = "resources/media-stack/media-index.html"
digest = "sha256:f0cb8e5eb948433600bdc288423f2f9de0b24216c8805a1119e017bc218ce8ed"

[[artifacts]]
path = "resources/media-stack/media.env"
digest = "sha256:0b57e5520418bd26604091c49ac24789cf4ba91f65964c16707b34ee357763fc"

[[artifacts]]
path = "resources/media-stack/scripts/bootstrap-arr.sh"
digest = "sha256:838f04fd6a6f14d62f98f46b64ae577366a481ebb19c7b4befaab70b7b3998c9"

[[artifacts]]
path = "resources/media-stack/scripts/bootstrap-download-unpack.sh"
digest = "sha256:e8ab9cb78de5cd2b8b7d4cec9ce612c455b48ea79b68eefbf5cb1b6071addea7"

[[artifacts]]
path = "resources/media-stack/scripts/bootstrap-media.sh"
digest = "sha256:d6151e2a7500798767adcd9760a5cb56883bf8455ff0819f82347b4e272c23fb"

[[artifacts]]
path = "resources/media-stack/scripts/bootstrap-node.sh"
digest = "sha256:a7ea87e87ba95ec45be94f166b19e7027a64914c36306bada70559f2264c0f44"

[[artifacts]]
path = "resources/media-stack/scripts/bootstrap-tailscale.sh"
digest = "sha256:042b1f3ed088144ea9c61dde4dad6fdf1b66c14ddb0be737602a5c8a048f56b7"

[[artifacts]]
path = "resources/media-stack/tailscale-setup.sh"
digest = "sha256:f3b8ff601764faefd3d27c77e8833ad224f5c0c4be4fe5a599ef382565b9b1a9"

[[artifacts]]
path = "resources/tailscale-gateway/scripts/bootstrap-node.sh"
digest = "sha256:a7ea87e87ba95ec45be94f166b19e7027a64914c36306bada70559f2264c0f44"

[[artifacts]]
path = "resources/tailscale-gateway/scripts/bootstrap-tailscale.sh"
digest = "sha256:042b1f3ed088144ea9c61dde4dad6fdf1b66c14ddb0be737602a5c8a048f56b7"

[[artifacts]]
path = "resources/tailscale-gateway/tailscale-setup.sh"
digest = "sha256:4188c24c4b5763aaf0f9391824dfeebad16f90b6492ffe01b0264783ce62744b"

[[artifacts]]
path = "service-artifacts/resource__autobrr__media-stack/scripts/bootstrap-autobrr.sh"
digest = "sha256:ab501b9f08ab20cbbda404b5e8ba0893412697af4b87c64b246c1c5093c0afc2"

[[artifacts]]
path = "service-artifacts/resource__caddy__media-stack/caddyfile.media"
digest = "sha256:0b1548530261991f813c941a306ad5295b2348ba5fb3bb05326eef2c498a5e51"

[[artifacts]]
path = "service-artifacts/resource__caddy__media-stack/scripts/bootstrap-ui-routing.sh"
digest = "sha256:e1a2f6322ceb9d59c124ab621af248e5d53a5530cfd261448abcaea124c94b24"

[[artifacts]]
path = "service-artifacts/resource__flaresolverr__media-stack/scripts/bootstrap-flaresolverr.sh"
digest = "sha256:6a0bd0a2926069794dd4e5f916d08436c5f41bd7bab28639a575022c59c75f20"

[[artifacts]]
path = "service-artifacts/resource__jellio-shim__media-stack/jellio-shim.py"
digest = "sha256:1016e059723a0a50f1dc58b3b2896e05dc2062b649e5230fc1590786d4e5c06e"

[[artifacts]]
path = "service-artifacts/resource__jellio-shim__media-stack/scripts/bootstrap-jellio.sh"
digest = "sha256:cd1c0c8417bc3087e795aff09203b3337c00f69e1cbecb90dcf659cdba5e17b6"

[[artifacts]]
path = "service-artifacts/resource__jellyfin__media-stack/scripts/bootstrap-jellyfin-plugins.sh"
digest = "sha256:eaa56a29ee94c243b5564a172beb9afd6ba1c1a437d6d2f4df2ff7baca518ee3"

[[artifacts]]
path = "service-artifacts/resource__jellyfin__media-stack/scripts/bootstrap-jellyfin.sh"
digest = "sha256:2e75945f96eb37a2b288244477d77a0673f861190f33ec3ae43c047204286279"

[[artifacts]]
path = "service-artifacts/resource__jellyfin__media-stack/scripts/bootstrap-streamyfin.sh"
digest = "sha256:4f2323c2ae851185d18be8aac0dc7abd33e005795123e9200a1333ea33f14972"

[[artifacts]]
path = "service-artifacts/resource__jellyfin__media-stack/scripts/bootstrap-validate-streaming-stack.sh"
digest = "sha256:6bc87b5c67af2f79d499797d9b16ac4472df98256019981dcb3428f8a04ac9f0"

[[artifacts]]
path = "service-artifacts/resource__jellysearch__media-stack/scripts/bootstrap-jellysearch.sh"
digest = "sha256:278454065aecb34e1ba2130e7edf34db151ddb629cc37d264f7aa14fb703a4e5"

[[artifacts]]
path = "service-artifacts/resource__jellystat__media-stack/scripts/bootstrap-jellystat.sh"
digest = "sha256:80d62cc018082fd66e527ef78ed96523013ee00b05aa2039276dd3abcfa1a885"

[[artifacts]]
path = "service-artifacts/resource__qbittorrent-vpn__media-stack/scripts/bootstrap-qbittorrent.sh"
digest = "sha256:d895c0a21afb25499ca11d3b5331967abe680b501f1a639ed3500f77096caf9e"

[[artifacts]]
path = "service-artifacts/resource__recyclarr__media-stack/scripts/bootstrap-recyclarr.sh"
digest = "sha256:4a025d4fdfd06620201a1b4d70065ba4ea6558db1579436f5d94f6aed361d44b"

[[artifacts]]
path = "service-artifacts/resource__sabnzbd__media-stack/scripts/bootstrap-sabnzbd.sh"
digest = "sha256:ccc0fc69122906db146c07aebab387911bafcb77d80b01a01a7aa0e0f6ad20ac"

[[artifacts]]
path = "service-artifacts/resource__seerr__media-stack/scripts/bootstrap-seerr.sh"
digest = "sha256:3bc53e72ea85effb730956b269299c06df5b9e968bd3d89c5680eb02f2385aae"

[[artifacts]]
path = "services/lxc/main.tf.json"
digest = "sha256:21264962dac5f34587321ba1f91485e88ae695a2389dd6d6511da48b00c95d51"

[[artifacts]]
path = "services/lxc/outputs.tf.json"
digest = "sha256:a8b4e971e9976340db30491799641e9a4b25177a27171fb9cdfe1f2b6295d2e4"

[[artifacts]]
path = "services/lxc/variables.tf.json"
digest = "sha256:3bf2e8f61ed0a14865dd622bb89eac819556f929e386ae113312803d27211736"

[[artifacts]]
path = "services/vm/main.tf.json"
digest = "sha256:b99bf3cb9169da6f239bf14545396aaa6645b26c9e77b7d8e25426644beb7805"

[[artifacts]]
path = "services/vm/outputs.tf.json"
digest = "sha256:ce471fdc203476f7795966c853c81c56db6369f29294c63b142c9609e5bae3f9"

[[artifacts]]
path = "services/vm/variables.tf.json"
digest = "sha256:868ea0c53f2a254b4159e821401828df8fbccd07d11ca2ecd869b9bebd925818"

[[artifacts]]
path = "terraform.tfstate"
digest = "sha256:33d82a3cee294363221f9dab76d688bc12bfc53bb9c056d3a642a4f73b30f56d"

[[artifacts]]
path = "terraform.tfstate.1776751520.backup"
digest = "sha256:e671ed0896848f962f4011997fb8470a86dff0c9f69d9dc6f562e8b4fb3153fd"

[[artifacts]]
path = "terraform.tfstate.backup"
digest = "sha256:997ccf3745ab61fdc7400773dc7a3f7757027de86bb0a71ec13577b8a6d277d8"

[[artifacts]]
path = "terraform.tfvars.json"
digest = "sha256:50abe2906ca77c6559703c8112473fbe9be63b2d84e1bf479a520221670e9a18"

[[artifacts]]
path = "variables.tf.json"
digest = "sha256:749bb2f5fd49f9de6bf9d55941158f00255faf2ca9b220e1a4c9f874392b44f5"

[sources]
git = []
inline = []
